schema: '2.0'
stages:
  featurize:
    cmd: python src/featurize.py
    deps:
    - path: data/iris.csv
      md5: 4d301abed5efe50eccda350cde38e0eb
      size: 2777
    - path: src/featurize.py
      md5: 4402c8d5c17ad9f7805ac1d3d2fa9f7b
      size: 683
    outs:
    - path: data/features_iris.csv
      md5: 4224576f0267bf88902f87f0f6200967
      size: 2757
  split_dataset:
    cmd: python src/split_dataset.py
    deps:
    - path: data/features_iris.csv
      md5: 4224576f0267bf88902f87f0f6200967
      size: 2757
    outs:
    - path: data/test.csv
      md5: 32195113b1e01e92448af9157a72c792
      size: 741
    - path: data/train.csv
      md5: d9c9aa2edccbabdc623425c1890ea759
      size: 2073
  train:
    cmd: python src/train.py
    deps:
    - path: data/test.csv
      md5: 32195113b1e01e92448af9157a72c792
      size: 741
    - path: data/train.csv
      md5: d9c9aa2edccbabdc623425c1890ea759
      size: 2073
    outs:
    - path: data/model.joblib
      md5: 30622e626ef5ab61e2aabbb48bdefa10
      size: 975
  evaluate:
    cmd: python src/evaluate.py
    deps:
    - path: data/model.joblib
      md5: 30622e626ef5ab61e2aabbb48bdefa10
      size: 975
    outs:
    - path: data/eval.txt
      md5: 2cff7b6d8590f8c37eaa01feff99962e
      size: 123
